<?xml version="1.0" encoding="utf-8"?>
<Project ToolsVersion="4.0" xmlns="http://schemas.microsoft.com/developer/msbuild/2003">
  <ItemGroup>
    <ClCompile Include="Code\Game\Bullet.cpp">
      <Filter>Source Files</Filter>
    </ClCompile>
    <ClCompile Include="Code\Engine\InputManager.cpp">
      <Filter>Source Files</Filter>
    </ClCompile>
    <ClCompile Include="Code\Game\Main.cpp">
      <Filter>Source Files</Filter>
    </ClCompile>
    <ClCompile Include="Code\Game\Map.cpp">
      <Filter>Source Files</Filter>
    </ClCompile>
    <ClCompile Include="Code\Game\Menu.cpp">
      <Filter>Source Files</Filter>
    </ClCompile>
    <ClCompile Include="Code\Game\Player.cpp">
      <Filter>Source Files</Filter>
    </ClCompile>
    <ClCompile Include="Code\Engine\ResourceManager.cpp">
      <Filter>Source Files</Filter>
    </ClCompile>
    <ClCompile Include="Code\Game\Scene.cpp">
      <Filter>Source Files</Filter>
    </ClCompile>
    <ClCompile Include="Code\Game\SceneDirector.cpp">
      <Filter>Source Files</Filter>
    </ClCompile>
    <ClCompile Include="Code\Engine\TimeManager.cpp">
      <Filter>Source Files</Filter>
    </ClCompile>
    <ClCompile Include="Code\Game\tinyxml2.cpp">
      <Filter>Source Files</Filter>
    </ClCompile>
    <ClCompile Include="Code\Engine\Video.cpp">
      <Filter>Source Files</Filter>
    </ClCompile>
    <ClCompile Include="Code\Game\Enemy.cpp">
      <Filter>Source Files</Filter>
    </ClCompile>
    <ClCompile Include="Code\Game\GameOver.cpp">
      <Filter>Source Files</Filter>
    </ClCompile>
    <ClCompile Include="Code\Game\Blob.cpp">
      <Filter>Source Files</Filter>
    </ClCompile>
    <ClCompile Include="Code\Game\Grunt.cpp">
      <Filter>Source Files</Filter>
    </ClCompile>
    <ClCompile Include="Code\Game\Mine.cpp">
      <Filter>Source Files</Filter>
    </ClCompile>
    <ClCompile Include="Code\Game\BlobBullet.cpp">
      <Filter>Source Files</Filter>
    </ClCompile>
    <ClCompile Include="Code\Game\HighScore.cpp">
      <Filter>Source Files</Filter>
    </ClCompile>
    <ClCompile Include="Code\Engine\Audio.cpp">
      <Filter>Source Files</Filter>
    </ClCompile>
    <ClCompile Include="Code\Game\GameState.cpp">
      <Filter>Source Files</Filter>
    </ClCompile>
  </ItemGroup>
  <ItemGroup>
    <ClInclude Include="Code\Game\Bullet.h">
      <Filter>Header FIles</Filter>
    </ClInclude>
    <ClInclude Include="Code\Engine\InputManager.h">
      <Filter>Header FIles</Filter>
    </ClInclude>
    <ClInclude Include="Code\Game\Map.h">
      <Filter>Header FIles</Filter>
    </ClInclude>
    <ClInclude Include="Code\Game\Menu.h">
      <Filter>Header FIles</Filter>
    </ClInclude>
    <ClInclude Include="Code\Game\Player.h">
      <Filter>Header FIles</Filter>
    </ClInclude>
    <ClInclude Include="Code\Engine\ResourceManager.h">
      <Filter>Header FIles</Filter>
    </ClInclude>
    <ClInclude Include="Code\Game\Scene.h">
      <Filter>Header FIles</Filter>
    </ClInclude>
    <ClInclude Include="Code\Game\SceneDirector.h">
      <Filter>Header FIles</Filter>
    </ClInclude>
    <ClInclude Include="Code\Engine\TimeManager.h">
      <Filter>Header FIles</Filter>
    </ClInclude>
    <ClInclude Include="Code\Game\tinyxml2.h">
      <Filter>Header FIles</Filter>
    </ClInclude>
    <ClInclude Include="Code\Engine\Video.h">
      <Filter>Header FIles</Filter>
    </ClInclude>
    <ClInclude Include="Code\Game\Enemy.h">
      <Filter>Header FIles</Filter>
    </ClInclude>
    <ClInclude Include="Code\Game\GameOver.h">
      <Filter>Header FIles</Filter>
    </ClInclude>
    <ClInclude Include="Code\Game\Blob.h">
      <Filter>Header Files</Filter>
    </ClInclude>
    <ClInclude Include="Code\Game\Grunt.h">
      <Filter>Header FIles</Filter>
    </ClInclude>
    <ClInclude Include="Code\Game\Mine.h">
      <Filter>Header FIles</Filter>
    </ClInclude>
    <ClInclude Include="Code\Game\BlobBullet.h">
      <Filter>Header FIles</Filter>
    </ClInclude>
    <ClInclude Include="Code\Game\HighScore.h">
      <Filter>Header FIles</Filter>
    </ClInclude>
    <ClInclude Include="Code\Engine\Audio.h">
      <Filter>Header FIles</Filter>
    </ClInclude>
    <ClInclude Include="Code\Game\GameState.h">
      <Filter>Header FIles</Filter>
    </ClInclude>
  </ItemGroup>
  <ItemGroup>
    <Filter Include="Header FIles">
      <UniqueIdentifier>{481a7ea7-5765-4900-ad2a-97e88872ddd5}</UniqueIdentifier>
    </Filter>
    <Filter Include="Source Files">
      <UniqueIdentifier>{d0a6e681-aad2-48a3-b4d9-1f86042d89b3}</UniqueIdentifier>
    </Filter>
    <Filter Include="Resource Files">
      <UniqueIdentifier>{b64875c3-e22f-4fd9-abbf-b035254d7fb3}</UniqueIdentifier>
    </Filter>
    <Filter Include="Resource Files\Assets">
      <UniqueIdentifier>{c62cb777-3c95-4835-97c0-779e81526a99}</UniqueIdentifier>
    </Filter>
    <Filter Include="Resource Files\Assets\Bullets">
      <UniqueIdentifier>{9057fe36-2956-4b1b-930a-8e72ea87028a}</UniqueIdentifier>
    </Filter>
    <Filter Include="Resource Files\Assets\Enemies">
      <UniqueIdentifier>{44d45520-6bae-429a-9f40-6744ec641db3}</UniqueIdentifier>
    </Filter>
    <Filter Include="Resource Files\Assets\Player">
      <UniqueIdentifier>{3b13e67c-1dca-400c-a78e-9eed5c7d84c7}</UniqueIdentifier>
    </Filter>
    <Filter Include="Resource Files\Assets\Map">
      <UniqueIdentifier>{40921340-9459-4b8a-8da1-3c480e58259a}</UniqueIdentifier>
    </Filter>
    <Filter Include="Resource Files\Assets\Scenes">
      <UniqueIdentifier>{ef65c313-1671-4321-9dbe-2d4e1248fe43}</UniqueIdentifier>
    </Filter>
    <Filter Include="Resource Files\Assets\PowerUps">
      <UniqueIdentifier>{88cf75fe-f8bd-48dc-a9e2-56930df2c486}</UniqueIdentifier>
    </Filter>
    <Filter Include="Resource Files\Assets\Audios">
      <UniqueIdentifier>{a4046e08-1537-44d3-86d7-6d59be6bf871}</UniqueIdentifier>
    </Filter>
  </ItemGroup>
  <ItemGroup>
    <CopyFileToFolders Include="Assets\PowerUps\Life_PowerUp.png">
      <Filter>Resource Files\Assets\PowerUps</Filter>
    </CopyFileToFolders>
    <CopyFileToFolders Include="Assets\PowerUps\Player_Shield.png">
      <Filter>Resource Files\Assets\PowerUps</Filter>
    </CopyFileToFolders>
    <CopyFileToFolders Include="Assets\PowerUps\Player_Shield_Small.png">
      <Filter>Resource Files\Assets\PowerUps</Filter>
    </CopyFileToFolders>
    <CopyFileToFolders Include="Assets\PowerUps\Rocket_Power.png">
      <Filter>Resource Files\Assets\PowerUps</Filter>
    </CopyFileToFolders>
    <CopyFileToFolders Include="Assets\PowerUps\Shield_Power.png">
      <Filter>Resource Files\Assets\PowerUps</Filter>
    </CopyFileToFolders>
    <CopyFileToFolders Include="Assets\PowerUps\Speed_Power.png">
      <Filter>Resource Files\Assets\PowerUps</Filter>
    </CopyFileToFolders>
    <CopyFileToFolders Include="Assets\Map\mapTileset.png">
      <Filter>Resource Files\Assets\Map</Filter>
    </CopyFileToFolders>
    <CopyFileToFolders Include="Assets\Map\Map.tmx">
      <Filter>Resource Files\Assets\Map</Filter>
    </CopyFileToFolders>
    <CopyFileToFolders Include="Assets\Player\PlayerTileset.png">
      <Filter>Resource Files\Assets\Player</Filter>
    </CopyFileToFolders>
    <CopyFileToFolders Include="Assets\Scenes\gameOver.png">
      <Filter>Resource Files\Assets\Scenes</Filter>
    </CopyFileToFolders>
    <CopyFileToFolders Include="Assets\Scenes\menu.png">
      <Filter>Resource Files\Assets\Scenes</Filter>
    </CopyFileToFolders>
    <CopyFileToFolders Include="Assets\Scenes\win.png">
      <Filter>Resource Files\Assets\Scenes</Filter>
    </CopyFileToFolders>
    <CopyFileToFolders Include="Assets\Bullets\Bullet_Down.png">
      <Filter>Resource Files\Assets\Bullets</Filter>
    </CopyFileToFolders>
    <CopyFileToFolders Include="SDL2.dll">
      <Filter>Resource Files</Filter>
    </CopyFileToFolders>
    <CopyFileToFolders Include="SDL2_image.dll">
      <Filter>Resource Files</Filter>
    </CopyFileToFolders>
    <CopyFileToFolders Include="SDL2_mixer.dll">
      <Filter>Resource Files</Filter>
    </CopyFileToFolders>
    <CopyFileToFolders Include="Assets\Bullets\Bullet_Left.png">
      <Filter>Resource Files\Assets\Bullets</Filter>
    </CopyFileToFolders>
    <CopyFileToFolders Include="Assets\Bullets\Bullet_Right.png">
      <Filter>Resource Files\Assets\Bullets</Filter>
    </CopyFileToFolders>
    <CopyFileToFolders Include="Assets\Bullets\Bullet_Up.png">
      <Filter>Resource Files\Assets\Bullets</Filter>
    </CopyFileToFolders>
    <CopyFileToFolders Include="Assets\Enemies\Blob.png">
      <Filter>Resource Files\Assets\Enemies</Filter>
    </CopyFileToFolders>
    <CopyFileToFolders Include="Assets\Enemies\Blob_Shot.png">
      <Filter>Resource Files\Assets\Enemies</Filter>
    </CopyFileToFolders>
    <CopyFileToFolders Include="Assets\Enemies\EnemyBlade.png">
      <Filter>Resource Files\Assets\Enemies</Filter>
    </CopyFileToFolders>
    <CopyFileToFolders Include="Assets\Enemies\Explosion.png">
      <Filter>Resource Files\Assets\Enemies</Filter>
    </CopyFileToFolders>
    <CopyFileToFolders Include="Assets\Enemies\Mine.png">
      <Filter>Resource Files\Assets\Enemies</Filter>
    </CopyFileToFolders>
    <CopyFileToFolders Include="Assets\Highscore.bin">
      <Filter>Resource Files\Assets</Filter>
    </CopyFileToFolders>
    <CopyFileToFolders Include="Assets\Audios\blobDeath.wav">
      <Filter>Resource Files\Assets\Audios</Filter>
    </CopyFileToFolders>
    <CopyFileToFolders Include="Assets\Audios\enemyExplosion.wav">
      <Filter>Resource Files\Assets\Audios</Filter>
    </CopyFileToFolders>
    <CopyFileToFolders Include="Assets\Audios\gunShot.wav">
      <Filter>Resource Files\Assets\Audios</Filter>
    </CopyFileToFolders>
    <CopyFileToFolders Include="Assets\Audios\highscore.wav">
      <Filter>Resource Files\Assets\Audios</Filter>
    </CopyFileToFolders>
    <CopyFileToFolders Include="Assets\Audios\menu.wav">
      <Filter>Resource Files\Assets\Audios</Filter>
    </CopyFileToFolders>
    <CopyFileToFolders Include="Assets\Audios\playerHurt.wav">
      <Filter>Resource Files\Assets\Audios</Filter>
    </CopyFileToFolders>
    <CopyFileToFolders Include="Assets\Audios\song.wav">
      <Filter>Resource Files\Assets\Audios</Filter>
    </CopyFileToFolders>
    <CopyFileToFolders Include="Assets\Audios\enemyExplosion.wav">
      <Filter>Resource Files\Assets\Audios</Filter>
    </CopyFileToFolders>
    <CopyFileToFolders Include="Assets\Audios\gunShot.wav">
      <Filter>Resource Files\Assets\Audios</Filter>
    </CopyFileToFolders>
    <CopyFileToFolders Include="Assets\Audios\playerHurt.wav">
      <Filter>Resource Files\Assets\Audios</Filter>
    </CopyFileToFolders>
  </ItemGroup>
</Project>